
Microsoft Visual Studio Solution File, Format Version 12.00
# Visual Studio Version 16
VisualStudioVersion = 16.0.31105.61
MinimumVisualStudioVersion = 10.0.40219.1
Project("{FAE04EC0-301F-11D3-BF4B-00C04F79EFBC}") = "STSTokens", "STSTokens.csproj", "{01B0AC2E-968D-48EA-866B-1B7766FF4393}"
EndProject
Global
	GlobalSection(SolutionConfigurationPlatforms) = preSolution
		Debug|Any CPU = Debug|Any CPU
		Release|Any CPU = Release|Any CPU
	EndGlobalSection
	GlobalSection(ProjectConfigurationPlatforms) = postSolution
		{01B0AC2E-968D-48EA-866B-1B7766FF4393}.Debug|Any CPU.ActiveCfg = Debug|Any CPU
		{01B0AC2E-968D-48EA-866B-1B7766FF4393}.Debug|Any CPU.Build.0 = Debug|Any CPU
		{01B0AC2E-968D-48EA-866B-1B7766FF4393}.Release|Any CPU.ActiveCfg = Release|Any CPU
		{01B0AC2E-968D-48EA-866B-1B7766FF4393}.Release|Any CPU.Build.0 = Release|Any CPU
	EndGlobalSection
	GlobalSection(SolutionProperties) = preSolution
		HideSolutionNode = FALSE
	EndGlobalSection
	GlobalSection(ExtensibilityGlobals) = postSolution
		SolutionGuid = {BBA91D7F-E80C-4DB1-92CF-40891B430A10}
	EndGlobalSection
EndGlobal
